// !$*UTF8*$!
{
	archiveVersion = 1;
	classes = {
	};
	objectVersion = 56;
	objects = {

/* Begin PBXBuildFile section */
		523779AF2BF837590010B30A /* NoteTableViewCell.swift in Sources */ = {isa = PBXBuildFile; fileRef = 523779AE2BF837590010B30A /* NoteTableViewCell.swift */; };
		523779B32BF83AA00010B30A /* Note.swift in Sources */ = {isa = PBXBuildFile; fileRef = 523779B22BF83AA00010B30A /* Note.swift */; };
		523779B52BF83AFF0010B30A /* DataSource.swift in Sources */ = {isa = PBXBuildFile; fileRef = 523779B42BF83AFF0010B30A /* DataSource.swift */; };
		523779B72BF840CA0010B30A /* CreateNoteViewController.swift in Sources */ = {isa = PBXBuildFile; fileRef = 523779B62BF840CA0010B30A /* CreateNoteViewController.swift */; };
		523779B92BF84A690010B30A /* KeyboardUtil.swift in Sources */ = {isa = PBXBuildFile; fileRef = 523779B82BF84A690010B30A /* KeyboardUtil.swift */; };
		523779BB2BF850FC0010B30A /* NoteValidation.swift in Sources */ = {isa = PBXBuildFile; fileRef = 523779BA2BF850FC0010B30A /* NoteValidation.swift */; };
		523779BD2BF852A90010B30A /* NSNotification+Ext.swift in Sources */ = {isa = PBXBuildFile; fileRef = 523779BC2BF852A90010B30A /* NSNotification+Ext.swift */; };
		523779BF2BF856970010B30A /* NoteCollectionViewCell.swift in Sources */ = {isa = PBXBuildFile; fileRef = 523779BE2BF856970010B30A /* NoteCollectionViewCell.swift */; };
		523779C12BF85BC90010B30A /* NoteCollectionViewHeader.swift in Sources */ = {isa = PBXBuildFile; fileRef = 523779C02BF85BC90010B30A /* NoteCollectionViewHeader.swift */; };
		523779C32BF85CD90010B30A /* NoteCollectionViewFooter.swift in Sources */ = {isa = PBXBuildFile; fileRef = 523779C22BF85CD90010B30A /* NoteCollectionViewFooter.swift */; };
		523779C52BF860DE0010B30A /* EditNoteViewController.swift in Sources */ = {isa = PBXBuildFile; fileRef = 523779C42BF860DE0010B30A /* EditNoteViewController.swift */; };
		523779C72BF860FF0010B30A /* NoteTemplateViewController.swift in Sources */ = {isa = PBXBuildFile; fileRef = 523779C62BF860FF0010B30A /* NoteTemplateViewController.swift */; };
		52DC0D982BF7C08900C8B78A /* AppDelegate.swift in Sources */ = {isa = PBXBuildFile; fileRef = 52DC0D972BF7C08900C8B78A /* AppDelegate.swift */; };
		52DC0D9F2BF7C08900C8B78A /* Base in Resources */ = {isa = PBXBuildFile; fileRef = 52DC0D9E2BF7C08900C8B78A /* Base */; };
		52DC0DA12BF7C08C00C8B78A /* Assets.xcassets in Resources */ = {isa = PBXBuildFile; fileRef = 52DC0DA02BF7C08C00C8B78A /* Assets.xcassets */; };
		52DC0DA42BF7C08C00C8B78A /* Base in Resources */ = {isa = PBXBuildFile; fileRef = 52DC0DA32BF7C08C00C8B78A /* Base */; };
		52DC0DB02BF7C1DB00C8B78A /* TableNotesListViewController.swift in Sources */ = {isa = PBXBuildFile; fileRef = 52DC0DAF2BF7C1DB00C8B78A /* TableNotesListViewController.swift */; };
		52DC0DB22BF7C6BD00C8B78A /* CollectionNotesListViewController.swift in Sources */ = {isa = PBXBuildFile; fileRef = 52DC0DB12BF7C6BD00C8B78A /* CollectionNotesListViewController.swift */; };
/* End PBXBuildFile section */

/* Begin PBXFileReference section */
		523779AE2BF837590010B30A /* NoteTableViewCell.swift */ = {isa = PBXFileReference; lastKnownFileType = sourcecode.swift; path = NoteTableViewCell.swift; sourceTree = "<group>"; };
		523779B22BF83AA00010B30A /* Note.swift */ = {isa = PBXFileReference; lastKnownFileType = sourcecode.swift; path = Note.swift; sourceTree = "<group>"; };
		523779B42BF83AFF0010B30A /* DataSource.swift */ = {isa = PBXFileReference; lastKnownFileType = sourcecode.swift; path = DataSource.swift; sourceTree = "<group>"; };
		523779B62BF840CA0010B30A /* CreateNoteViewController.swift */ = {isa = PBXFileReference; lastKnownFileType = sourcecode.swift; path = CreateNoteViewController.swift; sourceTree = "<group>"; };
		523779B82BF84A690010B30A /* KeyboardUtil.swift */ = {isa = PBXFileReference; lastKnownFileType = sourcecode.swift; path = KeyboardUtil.swift; sourceTree = "<group>"; };
		523779BA2BF850FC0010B30A /* NoteValidation.swift */ = {isa = PBXFileReference; lastKnownFileType = sourcecode.swift; path = NoteValidation.swift; sourceTree = "<group>"; };
		523779BC2BF852A90010B30A /* NSNotification+Ext.swift */ = {isa = PBXFileReference; lastKnownFileType = sourcecode.swift; path = "NSNotification+Ext.swift"; sourceTree = "<group>"; };
		523779BE2BF856970010B30A /* NoteCollectionViewCell.swift */ = {isa = PBXFileReference; lastKnownFileType = sourcecode.swift; path = NoteCollectionViewCell.swift; sourceTree = "<group>"; };
		523779C02BF85BC90010B30A /* NoteCollectionViewHeader.swift */ = {isa = PBXFileReference; lastKnownFileType = sourcecode.swift; path = NoteCollectionViewHeader.swift; sourceTree = "<group>"; };
		523779C22BF85CD90010B30A /* NoteCollectionViewFooter.swift */ = {isa = PBXFileReference; lastKnownFileType = sourcecode.swift; path = NoteCollectionViewFooter.swift; sourceTree = "<group>"; };
		523779C42BF860DE0010B30A /* EditNoteViewController.swift */ = {isa = PBXFileReference; lastKnownFileType = sourcecode.swift; path = EditNoteViewController.swift; sourceTree = "<group>"; };
		523779C62BF860FF0010B30A /* NoteTemplateViewController.swift */ = {isa = PBXFileReference; lastKnownFileType = sourcecode.swift; path = NoteTemplateViewController.swift; sourceTree = "<group>"; };
		52DC0D942BF7C08900C8B78A /* TableAndCollectionView.app */ = {isa = PBXFileReference; explicitFileType = wrapper.application; includeInIndex = 0; path = TableAndCollectionView.app; sourceTree = BUILT_PRODUCTS_DIR; };
		52DC0D972BF7C08900C8B78A /* AppDelegate.swift */ = {isa = PBXFileReference; lastKnownFileType = sourcecode.swift; path = AppDelegate.swift; sourceTree = "<group>"; };
		52DC0D9E2BF7C08900C8B78A /* Base */ = {isa = PBXFileReference; lastKnownFileType = file.storyboard; name = Base; path = Base.lproj/Main.storyboard; sourceTree = "<group>"; };
		52DC0DA02BF7C08C00C8B78A /* Assets.xcassets */ = {isa = PBXFileReference; lastKnownFileType = folder.assetcatalog; path = Assets.xcassets; sourceTree = "<group>"; };
		52DC0DA32BF7C08C00C8B78A /* Base */ = {isa = PBXFileReference; lastKnownFileType = file.storyboard; name = Base; path = Base.lproj/LaunchScreen.storyboard; sourceTree = "<group>"; };
		52DC0DA52BF7C08C00C8B78A /* Info.plist */ = {isa = PBXFileReference; lastKnownFileType = text.plist.xml; path = Info.plist; sourceTree = "<group>"; };
		52DC0DAF2BF7C1DB00C8B78A /* TableNotesListViewController.swift */ = {isa = PBXFileReference; lastKnownFileType = sourcecode.swift; path = TableNotesListViewController.swift; sourceTree = "<group>"; };
		52DC0DB12BF7C6BD00C8B78A /* CollectionNotesListViewController.swift */ = {isa = PBXFileReference; lastKnownFileType = sourcecode.swift; path = CollectionNotesListViewController.swift; sourceTree = "<group>"; };
/* End PBXFileReference section */

/* Begin PBXFrameworksBuildPhase section */
		52DC0D912BF7C08900C8B78A /* Frameworks */ = {
			isa = PBXFrameworksBuildPhase;
			buildActionMask = 2147483647;
			files = (
			);
			runOnlyForDeploymentPostprocessing = 0;
		};
/* End PBXFrameworksBuildPhase section */

/* Begin PBXGroup section */
		523779B02BF837680010B30A /* view */ = {
			isa = PBXGroup;
			children = (
				523779AE2BF837590010B30A /* NoteTableViewCell.swift */,
				523779BE2BF856970010B30A /* NoteCollectionViewCell.swift */,
				523779C02BF85BC90010B30A /* NoteCollectionViewHeader.swift */,
				523779C22BF85CD90010B30A /* NoteCollectionViewFooter.swift */,
			);
			path = view;
			sourceTree = "<group>";
		};
		523779B12BF83A990010B30A /* model */ = {
			isa = PBXGroup;
			children = (
				523779B22BF83AA00010B30A /* Note.swift */,
			);
			path = model;
			sourceTree = "<group>";
		};
		52DC0D8B2BF7C08900C8B78A = {
			isa = PBXGroup;
			children = (
				52DC0D962BF7C08900C8B78A /* TableAndCollectionView */,
				52DC0D952BF7C08900C8B78A /* Products */,
			);
			sourceTree = "<group>";
		};
		52DC0D952BF7C08900C8B78A /* Products */ = {
			isa = PBXGroup;
			children = (
				52DC0D942BF7C08900C8B78A /* TableAndCollectionView.app */,
			);
			name = Products;
			sourceTree = "<group>";
		};
		52DC0D962BF7C08900C8B78A /* TableAndCollectionView */ = {
			isa = PBXGroup;
			children = (
				523779B12BF83A990010B30A /* model */,
				523779B02BF837680010B30A /* view */,
				52DC0DB32BF7C6C400C8B78A /* datasource */,
				52DC0DAE2BF7C1A800C8B78A /* extension */,
				52DC0DAD2BF7C19A00C8B78A /* validation */,
				52DC0DAC2BF7C19200C8B78A /* util */,
				52DC0DAB2BF7C17E00C8B78A /* viewcontroller */,
				52DC0D972BF7C08900C8B78A /* AppDelegate.swift */,
				52DC0D9D2BF7C08900C8B78A /* Main.storyboard */,
				52DC0DA02BF7C08C00C8B78A /* Assets.xcassets */,
				52DC0DA22BF7C08C00C8B78A /* LaunchScreen.storyboard */,
				52DC0DA52BF7C08C00C8B78A /* Info.plist */,
			);
			path = TableAndCollectionView;
			sourceTree = "<group>";
		};
		52DC0DAB2BF7C17E00C8B78A /* viewcontroller */ = {
			isa = PBXGroup;
			children = (
				52DC0DAF2BF7C1DB00C8B78A /* TableNotesListViewController.swift */,
				52DC0DB12BF7C6BD00C8B78A /* CollectionNotesListViewController.swift */,
				523779B62BF840CA0010B30A /* CreateNoteViewController.swift */,
				523779C42BF860DE0010B30A /* EditNoteViewController.swift */,
				523779C62BF860FF0010B30A /* NoteTemplateViewController.swift */,
			);
			path = viewcontroller;
			sourceTree = "<group>";
		};
		52DC0DAC2BF7C19200C8B78A /* util */ = {
			isa = PBXGroup;
			children = (
				523779B82BF84A690010B30A /* KeyboardUtil.swift */,
			);
			path = util;
			sourceTree = "<group>";
		};
		52DC0DAD2BF7C19A00C8B78A /* validation */ = {
			isa = PBXGroup;
			children = (
				523779BA2BF850FC0010B30A /* NoteValidation.swift */,
			);
			path = validation;
			sourceTree = "<group>";
		};
		52DC0DAE2BF7C1A800C8B78A /* extension */ = {
			isa = PBXGroup;
			children = (
				523779BC2BF852A90010B30A /* NSNotification+Ext.swift */,
			);
			path = extension;
			sourceTree = "<group>";
		};
		52DC0DB32BF7C6C400C8B78A /* datasource */ = {
			isa = PBXGroup;
			children = (
				523779B42BF83AFF0010B30A /* DataSource.swift */,
			);
			path = datasource;
			sourceTree = "<group>";
		};
/* End PBXGroup section */

/* Begin PBXNativeTarget section */
		52DC0D932BF7C08900C8B78A /* TableAndCollectionView */ = {
			isa = PBXNativeTarget;
			buildConfigurationList = 52DC0DA82BF7C08C00C8B78A /* Build configuration list for PBXNativeTarget "TableAndCollectionView" */;
			buildPhases = (
				52DC0D902BF7C08900C8B78A /* Sources */,
				52DC0D912BF7C08900C8B78A /* Frameworks */,
				52DC0D922BF7C08900C8B78A /* Resources */,
			);
			buildRules = (
			);
			dependencies = (
			);
			name = TableAndCollectionView;
			productName = TableAndCollectionView;
			productReference = 52DC0D942BF7C08900C8B78A /* TableAndCollectionView.app */;
			productType = "com.apple.product-type.application";
		};
/* End PBXNativeTarget section */

/* Begin PBXProject section */
		52DC0D8C2BF7C08900C8B78A /* Project object */ = {
			isa = PBXProject;
			attributes = {
				BuildIndependentTargetsInParallel = 1;
				LastSwiftUpdateCheck = 1530;
				LastUpgradeCheck = 1530;
				TargetAttributes = {
					52DC0D932BF7C08900C8B78A = {
						CreatedOnToolsVersion = 15.3;
					};
				};
			};
			buildConfigurationList = 52DC0D8F2BF7C08900C8B78A /* Build configuration list for PBXProject "TableAndCollectionView" */;
			compatibilityVersion = "Xcode 14.0";
			developmentRegion = en;
			hasScannedForEncodings = 0;
			knownRegions = (
				en,
				Base,
			);
			mainGroup = 52DC0D8B2BF7C08900C8B78A;
			productRefGroup = 52DC0D952BF7C08900C8B78A /* Products */;
			projectDirPath = "";
			projectRoot = "";
			targets = (
				52DC0D932BF7C08900C8B78A /* TableAndCollectionView */,
			);
		};
/* End PBXProject section */

/* Begin PBXResourcesBuildPhase section */
		52DC0D922BF7C08900C8B78A /* Resources */ = {
			isa = PBXResourcesBuildPhase;
			buildActionMask = 2147483647;
			files = (
				52DC0DA12BF7C08C00C8B78A /* Assets.xcassets in Resources */,
				52DC0DA42BF7C08C00C8B78A /* Base in Resources */,
				52DC0D9F2BF7C08900C8B78A /* Base in Resources */,
			);
			runOnlyForDeploymentPostprocessing = 0;
		};
/* End PBXResourcesBuildPhase section */

/* Begin PBXSourcesBuildPhase section */
		52DC0D902BF7C08900C8B78A /* Sources */ = {
			isa = PBXSourcesBuildPhase;
			buildActionMask = 2147483647;
			files = (
				523779B52BF83AFF0010B30A /* DataSource.swift in Sources */,
				523779BD2BF852A90010B30A /* NSNotification+Ext.swift in Sources */,
				523779B32BF83AA00010B30A /* Note.swift in Sources */,
				52DC0D982BF7C08900C8B78A /* AppDelegate.swift in Sources */,
				52DC0DB02BF7C1DB00C8B78A /* TableNotesListViewController.swift in Sources */,
				523779B92BF84A690010B30A /* KeyboardUtil.swift in Sources */,
				523779C72BF860FF0010B30A /* NoteTemplateViewController.swift in Sources */,
				52DC0DB22BF7C6BD00C8B78A /* CollectionNotesListViewController.swift in Sources */,
				523779B72BF840CA0010B30A /* CreateNoteViewController.swift in Sources */,
				523779C12BF85BC90010B30A /* NoteCollectionViewHeader.swift in Sources */,
				523779BF2BF856970010B30A /* NoteCollectionViewCell.swift in Sources */,
				523779C52BF860DE0010B30A /* EditNoteViewController.swift in Sources */,
				523779BB2BF850FC0010B30A /* NoteValidation.swift in Sources */,
				523779C32BF85CD90010B30A /* NoteCollectionViewFooter.swift in Sources */,
				523779AF2BF837590010B30A /* NoteTableViewCell.swift in Sources */,
			);
			runOnlyForDeploymentPostprocessing = 0;
		};
/* End PBXSourcesBuildPhase section */

/* Begin PBXVariantGroup section */
		52DC0D9D2BF7C08900C8B78A /* Main.storyboard */ = {
			isa = PBXVariantGroup;
			children = (
				52DC0D9E2BF7C08900C8B78A /* Base */,
			);
			name = Main.storyboard;
			sourceTree = "<group>";
		};
		52DC0DA22BF7C08C00C8B78A /* LaunchScreen.storyboard */ = {
			isa = PBXVariantGroup;
			children = (
				52DC0DA32BF7C08C00C8B78A /* Base */,
			);
			name = LaunchScreen.storyboard;
			sourceTree = "<group>";
		};
/* End PBXVariantGroup section */

/* Begin XCBuildConfiguration section */
		52DC0DA62BF7C08C00C8B78A /* Debug */ = {
			isa = XCBuildConfiguration;
			buildSettings = {
				ALWAYS_SEARCH_USER_PATHS = NO;
				ASSETCATALOG_COMPILER_GENERATE_SWIFT_ASSET_SYMBOL_EXTENSIONS = YES;
				CLANG_ANALYZER_NONNULL = YES;
				CLANG_ANALYZER_NUMBER_OBJECT_CONVERSION = YES_AGGRESSIVE;
				CLANG_CXX_LANGUAGE_STANDARD = "gnu++20";
				CLANG_ENABLE_MODULES = YES;
				CLANG_ENABLE_OBJC_ARC = YES;
				CLANG_ENABLE_OBJC_WEAK = YES;
				CLANG_WARN_BLOCK_CAPTURE_AUTORELEASING = YES;
				CLANG_WARN_BOOL_CONVERSION = YES;
				CLANG_WARN_COMMA = YES;
				CLANG_WARN_CONSTANT_CONVERSION = YES;
				CLANG_WARN_DEPRECATED_OBJC_IMPLEMENTATIONS = YES;
				CLANG_WARN_DIRECT_OBJC_ISA_USAGE = YES_ERROR;
				CLANG_WARN_DOCUMENTATION_COMMENTS = YES;
				CLANG_WARN_EMPTY_BODY = YES;
				CLANG_WARN_ENUM_CONVERSION = YES;
				CLANG_WARN_INFINITE_RECURSION = YES;
				CLANG_WARN_INT_CONVERSION = YES;
				CLANG_WARN_NON_LITERAL_NULL_CONVERSION = YES;
				CLANG_WARN_OBJC_IMPLICIT_RETAIN_SELF = YES;
				CLANG_WARN_OBJC_LITERAL_CONVERSION = YES;
				CLANG_WARN_OBJC_ROOT_CLASS = YES_ERROR;
				CLANG_WARN_QUOTED_INCLUDE_IN_FRAMEWORK_HEADER = YES;
				CLANG_WARN_RANGE_LOOP_ANALYSIS = YES;
				CLANG_WARN_STRICT_PROTOTYPES = YES;
				CLANG_WARN_SUSPICIOUS_MOVE = YES;
				CLANG_WARN_UNGUARDED_AVAILABILITY = YES_AGGRESSIVE;
				CLANG_WARN_UNREACHABLE_CODE = YES;
				CLANG_WARN__DUPLICATE_METHOD_MATCH = YES;
				COPY_PHASE_STRIP = NO;
				DEBUG_INFORMATION_FORMAT = dwarf;
				ENABLE_STRICT_OBJC_MSGSEND = YES;
				ENABLE_TESTABILITY = YES;
				ENABLE_USER_SCRIPT_SANDBOXING = YES;
				GCC_C_LANGUAGE_STANDARD = gnu17;
				GCC_DYNAMIC_NO_PIC = NO;
				GCC_NO_COMMON_BLOCKS = YES;
				GCC_OPTIMIZATION_LEVEL = 0;
				GCC_PREPROCESSOR_DEFINITIONS = (
					"DEBUG=1",
					"$(inherited)",
				);
				GCC_WARN_64_TO_32_BIT_CONVERSION = YES;
				GCC_WARN_ABOUT_RETURN_TYPE = YES_ERROR;
				GCC_WARN_UNDECLARED_SELECTOR = YES;
				GCC_WARN_UNINITIALIZED_AUTOS = YES_AGGRESSIVE;
				GCC_WARN_UNUSED_FUNCTION = YES;
				GCC_WARN_UNUSED_VARIABLE = YES;
				IPHONEOS_DEPLOYMENT_TARGET = 17.4;
				LOCALIZATION_PREFERS_STRING_CATALOGS = YES;
				MTL_ENABLE_DEBUG_INFO = INCLUDE_SOURCE;
				MTL_FAST_MATH = YES;
				ONLY_ACTIVE_ARCH = YES;
				SDKROOT = iphoneos;
				SWIFT_ACTIVE_COMPILATION_CONDITIONS = "DEBUG $(inherited)";
				SWIFT_OPTIMIZATION_LEVEL = "-Onone";
			};
			name = Debug;
		};
		52DC0DA72BF7C08C00C8B78A /* Release */ = {
			isa = XCBuildConfiguration;
			buildSettings = {
				ALWAYS_SEARCH_USER_PATHS = NO;
				ASSETCATALOG_COMPILER_GENERATE_SWIFT_ASSET_SYMBOL_EXTENSIONS = YES;
				CLANG_ANALYZER_NONNULL = YES;
				CLANG_ANALYZER_NUMBER_OBJECT_CONVERSION = YES_AGGRESSIVE;
				CLANG_CXX_LANGUAGE_STANDARD = "gnu++20";
				CLANG_ENABLE_MODULES = YES;
				CLANG_ENABLE_OBJC_ARC = YES;
				CLANG_ENABLE_OBJC_WEAK = YES;
				CLANG_WARN_BLOCK_CAPTURE_AUTORELEASING = YES;
				CLANG_WARN_BOOL_CONVERSION = YES;
				CLANG_WARN_COMMA = YES;
				CLANG_WARN_CONSTANT_CONVERSION = YES;
				CLANG_WARN_DEPRECATED_OBJC_IMPLEMENTATIONS = YES;
				CLANG_WARN_DIRECT_OBJC_ISA_USAGE = YES_ERROR;
				CLANG_WARN_DOCUMENTATION_COMMENTS = YES;
				CLANG_WARN_EMPTY_BODY = YES;
				CLANG_WARN_ENUM_CONVERSION = YES;
				CLANG_WARN_INFINITE_RECURSION = YES;
				CLANG_WARN_INT_CONVERSION = YES;
				CLANG_WARN_NON_LITERAL_NULL_CONVERSION = YES;
				CLANG_WARN_OBJC_IMPLICIT_RETAIN_SELF = YES;
				CLANG_WARN_OBJC_LITERAL_CONVERSION = YES;
				CLANG_WARN_OBJC_ROOT_CLASS = YES_ERROR;
				CLANG_WARN_QUOTED_INCLUDE_IN_FRAMEWORK_HEADER = YES;
				CLANG_WARN_RANGE_LOOP_ANALYSIS = YES;
				CLANG_WARN_STRICT_PROTOTYPES = YES;
				CLANG_WARN_SUSPICIOUS_MOVE = YES;
				CLANG_WARN_UNGUARDED_AVAILABILITY = YES_AGGRESSIVE;
				CLANG_WARN_UNREACHABLE_CODE = YES;
				CLANG_WARN__DUPLICATE_METHOD_MATCH = YES;
				COPY_PHASE_STRIP = NO;
				DEBUG_INFORMATION_FORMAT = "dwarf-with-dsym";
				ENABLE_NS_ASSERTIONS = NO;
				ENABLE_STRICT_OBJC_MSGSEND = YES;
				ENABLE_USER_SCRIPT_SANDBOXING = YES;
				GCC_C_LANGUAGE_STANDARD = gnu17;
				GCC_NO_COMMON_BLOCKS = YES;
				GCC_WARN_64_TO_32_BIT_CONVERSION = YES;
				GCC_WARN_ABOUT_RETURN_TYPE = YES_ERROR;
				GCC_WARN_UNDECLARED_SELECTOR = YES;
				GCC_WARN_UNINITIALIZED_AUTOS = YES_AGGRESSIVE;
				GCC_WARN_UNUSED_FUNCTION = YES;
				GCC_WARN_UNUSED_VARIABLE = YES;
				IPHONEOS_DEPLOYMENT_TARGET = 17.4;
				LOCALIZATION_PREFERS_STRING_CATALOGS = YES;
				MTL_ENABLE_DEBUG_INFO = NO;
				MTL_FAST_MATH = YES;
				SDKROOT = iphoneos;
				SWIFT_COMPILATION_MODE = wholemodule;
				VALIDATE_PRODUCT = YES;
			};
			name = Release;
		};
		52DC0DA92BF7C08C00C8B78A /* Debug */ = {
			isa = XCBuildConfiguration;
			buildSettings = {
				ASSETCATALOG_COMPILER_APPICON_NAME = AppIcon;
				ASSETCATALOG_COMPILER_GLOBAL_ACCENT_COLOR_NAME = AccentColor;
				CODE_SIGN_STYLE = Automatic;
				CURRENT_PROJECT_VERSION = 1;
				DEVELOPMENT_TEAM = HG7TQ755V4;
				GENERATE_INFOPLIST_FILE = YES;
				INFOPLIST_FILE = TableAndCollectionView/Info.plist;
				INFOPLIST_KEY_CFBundleDisplayName = tcp;
				INFOPLIST_KEY_LSApplicationCategoryType = "public.app-category.books";
				INFOPLIST_KEY_UIApplicationSupportsIndirectInputEvents = YES;
				INFOPLIST_KEY_UILaunchStoryboardName = LaunchScreen;
				INFOPLIST_KEY_UIMainStoryboardFile = Main;
				INFOPLIST_KEY_UISupportedInterfaceOrientations_iPad = "UIInterfaceOrientationPortrait UIInterfaceOrientationPortraitUpsideDown UIInterfaceOrientationLandscapeLeft UIInterfaceOrientationLandscapeRight";
				INFOPLIST_KEY_UISupportedInterfaceOrientations_iPhone = "UIInterfaceOrientationPortrait UIInterfaceOrientationLandscapeLeft UIInterfaceOrientationLandscapeRight";
				IPHONEOS_DEPLOYMENT_TARGET = 13.0;
				LD_RUNPATH_SEARCH_PATHS = (
					"$(inherited)",
					"@executable_path/Frameworks",
				);
				MARKETING_VERSION = 1.0;
				PRODUCT_BUNDLE_IDENTIFIER = com.vicheak.TableAndCollectionView;
				PRODUCT_NAME = "$(TARGET_NAME)";
				SWIFT_EMIT_LOC_STRINGS = YES;
				SWIFT_VERSION = 5.0;
				TARGETED_DEVICE_FAMILY = "1,2";
			};
			name = Debug;
		};
		52DC0DAA2BF7C08C00C8B78A /* Release */ = {
			isa = XCBuildConfiguration;
			buildSettings = {
				ASSETCATALOG_COMPILER_APPICON_NAME = AppIcon;
				ASSETCATALOG_COMPILER_GLOBAL_ACCENT_COLOR_NAME = AccentColor;
				CODE_SIGN_STYLE = Automatic;
				CURRENT_PROJECT_VERSION = 1;
				DEVELOPMENT_TEAM = HG7TQ755V4;
				GENERATE_INFOPLIST_FILE = YES;
				INFOPLIST_FILE = TableAndCollectionView/Info.plist;
				INFOPLIST_KEY_CFBundleDisplayName = tcp;
				INFOPLIST_KEY_LSApplicationCategoryType = "public.app-category.books";
				INFOPLIST_KEY_UIApplicationSupportsIndirectInputEvents = YES;
				INFOPLIST_KEY_UILaunchStoryboardName = LaunchScreen;
				INFOPLIST_KEY_UIMainStoryboardFile = Main;
				INFOPLIST_KEY_UISupportedInterfaceOrientations_iPad = "UIInterfaceOrientationPortrait UIInterfaceOrientationPortraitUpsideDown UIInterfaceOrientationLandscapeLeft UIInterfaceOrientationLandscapeRight";
				INFOPLIST_KEY_UISupportedInterfaceOrientations_iPhone = "UIInterfaceOrientationPortrait UIInterfaceOrientationLandscapeLeft UIInterfaceOrientationLandscapeRight";
				IPHONEOS_DEPLOYMENT_TARGET = 13.0;
				LD_RUNPATH_SEARCH_PATHS = (
					"$(inherited)",
					"@executable_path/Frameworks",
				);
				MARKETING_VERSION = 1.0;
				PRODUCT_BUNDLE_IDENTIFIER = com.vicheak.TableAndCollectionView;
				PRODUCT_NAME = "$(TARGET_NAME)";
				SWIFT_EMIT_LOC_STRINGS = YES;
				SWIFT_VERSION = 5.0;
				TARGETED_DEVICE_FAMILY = "1,2";
			};
			name = Release;
		};
/* End XCBuildConfiguration section */

/* Begin XCConfigurationList section */
		52DC0D8F2BF7C08900C8B78A /* Build configuration list for PBXProject "TableAndCollectionView" */ = {
			isa = XCConfigurationList;
			buildConfigurations = (
				52DC0DA62BF7C08C00C8B78A /* Debug */,
				52DC0DA72BF7C08C00C8B78A /* Release */,
			);
			defaultConfigurationIsVisible = 0;
			defaultConfigurationName = Release;
		};
		52DC0DA82BF7C08C00C8B78A /* Build configuration list for PBXNativeTarget "TableAndCollectionView" */ = {
			isa = XCConfigurationList;
			buildConfigurations = (
				52DC0DA92BF7C08C00C8B78A /* Debug */,
				52DC0DAA2BF7C08C00C8B78A /* Release */,
			);
			defaultConfigurationIsVisible = 0;
			defaultConfigurationName = Release;
		};
/* End XCConfigurationList section */
	};
	rootObject = 52DC0D8C2BF7C08900C8B78A /* Project object */;
}
